{
  "name": "gameJs",
  "version": "1.0.0",
  "lockfileVersion": 1,
  "requires": true,
  "dependencies": {
    "dragonbones.js": {
      "version": "5.7.4",
      "resolved": "https://registry.npmmirror.com/dragonbones.js/-/dragonbones.js-5.7.4.tgz",
      "integrity": "sha512-+x9K4rH3x/PclR8NpehBj2dygBbMCw2fd6/HYba3K0Vjqfgu57ODwW/3c6MdK9X2/C71e9pEe1FZjm04yAyxOg=="
    }
  }
}
